
Microsoft Visual Studio Solution File, Format Version 12.00
# Visual Studio 14
VisualStudioVersion = 14.0.25123.0
MinimumVisualStudioVersion = 10.0.40219.1
Project("{FAE04EC0-301F-11D3-BF4B-00C04F79EFBC}") = "System.InternetTime", "System.InternetTime\System.InternetTime.csproj", "{96F57E9D-C48B-4A1C-B93F-6F27D8FE61B2}"
EndProject
Project("{FAE04EC0-301F-11D3-BF4B-00C04F79EFBC}") = "Tests", "Tests\Tests.csproj", "{667FD8A8-5AE0-489E-AA31-90758855120D}"
EndProject
Global
	GlobalSection(SolutionConfigurationPlatforms) = preSolution
		Debug|Any CPU = Debug|Any CPU
		Release|Any CPU = Release|Any CPU
	EndGlobalSection
	GlobalSection(ProjectConfigurationPlatforms) = postSolution
		{96F57E9D-C48B-4A1C-B93F-6F27D8FE61B2}.Debug|Any CPU.ActiveCfg = Debug|Any CPU
		{96F57E9D-C48B-4A1C-B93F-6F27D8FE61B2}.Debug|Any CPU.Build.0 = Debug|Any CPU
		{96F57E9D-C48B-4A1C-B93F-6F27D8FE61B2}.Release|Any CPU.ActiveCfg = Release|Any CPU
		{96F57E9D-C48B-4A1C-B93F-6F27D8FE61B2}.Release|Any CPU.Build.0 = Release|Any CPU
		{667FD8A8-5AE0-489E-AA31-90758855120D}.Debug|Any CPU.ActiveCfg = Debug|Any CPU
		{667FD8A8-5AE0-489E-AA31-90758855120D}.Debug|Any CPU.Build.0 = Debug|Any CPU
		{667FD8A8-5AE0-489E-AA31-90758855120D}.Release|Any CPU.ActiveCfg = Release|Any CPU
		{667FD8A8-5AE0-489E-AA31-90758855120D}.Release|Any CPU.Build.0 = Release|Any CPU
	EndGlobalSection
	GlobalSection(SolutionProperties) = preSolution
		HideSolutionNode = FALSE
	EndGlobalSection
EndGlobal
